# THIS IS AN AUTOGENERATED FILE. DO NOT EDIT THIS FILE DIRECTLY.
# yarn lockfile v1


arctic_admin@^3.2.0:
  version "3.2.0"
  resolved "https://registry.yarnpkg.com/arctic_admin/-/arctic_admin-3.2.0.tgz#e3278d9b1897e96f9a1ba0032cde8fa56ea76915"
  integrity sha512-OpleIwJOMueKcajnqAE33ET1jz1Iqo+8ybpYnTYkX+hOMJxLaHRmzXX040ZhtaZmPKDQaEhDrSNSU8azMlbojw==
